
Microsoft Visual Studio Solution File, Format Version 12.00
# Visual Studio Version 16
VisualStudioVersion = 16.0.31112.23
MinimumVisualStudioVersion = 10.0.40219.1
Project("{FAE04EC0-301F-11D3-BF4B-00C04F79EFBC}") = "Lab_8_DB", "Lab_8_DB\Lab_8_DB.csproj", "{D4183D1E-EA97-48DC-BE7F-4AD6A53BCC41}"
EndProject
Project("{FAE04EC0-301F-11D3-BF4B-00C04F79EFBC}") = "Layer", "Layer\Layer.csproj", "{2279402A-BEA9-4028-9115-5890959E9FCC}"
EndProject
Project("{FAE04EC0-301F-11D3-BF4B-00C04F79EFBC}") = "SimpleLogger", "SimpleLogger\SimpleLogger.csproj", "{8A1738B4-A4A3-43D7-88EF-199AF3A261A0}"
EndProject
Global
	GlobalSection(SolutionConfigurationPlatforms) = preSolution
		Debug|Any CPU = Debug|Any CPU
		Release|Any CPU = Release|Any CPU
	EndGlobalSection
	GlobalSection(ProjectConfigurationPlatforms) = postSolution
		{D4183D1E-EA97-48DC-BE7F-4AD6A53BCC41}.Debug|Any CPU.ActiveCfg = Debug|Any CPU
		{D4183D1E-EA97-48DC-BE7F-4AD6A53BCC41}.Debug|Any CPU.Build.0 = Debug|Any CPU
		{D4183D1E-EA97-48DC-BE7F-4AD6A53BCC41}.Release|Any CPU.ActiveCfg = Release|Any CPU
		{D4183D1E-EA97-48DC-BE7F-4AD6A53BCC41}.Release|Any CPU.Build.0 = Release|Any CPU
		{2279402A-BEA9-4028-9115-5890959E9FCC}.Debug|Any CPU.ActiveCfg = Debug|Any CPU
		{2279402A-BEA9-4028-9115-5890959E9FCC}.Debug|Any CPU.Build.0 = Debug|Any CPU
		{2279402A-BEA9-4028-9115-5890959E9FCC}.Release|Any CPU.ActiveCfg = Release|Any CPU
		{2279402A-BEA9-4028-9115-5890959E9FCC}.Release|Any CPU.Build.0 = Release|Any CPU
		{8A1738B4-A4A3-43D7-88EF-199AF3A261A0}.Debug|Any CPU.ActiveCfg = Debug|Any CPU
		{8A1738B4-A4A3-43D7-88EF-199AF3A261A0}.Debug|Any CPU.Build.0 = Debug|Any CPU
		{8A1738B4-A4A3-43D7-88EF-199AF3A261A0}.Release|Any CPU.ActiveCfg = Release|Any CPU
		{8A1738B4-A4A3-43D7-88EF-199AF3A261A0}.Release|Any CPU.Build.0 = Release|Any CPU
	EndGlobalSection
	GlobalSection(SolutionProperties) = preSolution
		HideSolutionNode = FALSE
	EndGlobalSection
	GlobalSection(ExtensibilityGlobals) = postSolution
		SolutionGuid = {67C55475-3D34-4129-9561-3726528F9F49}
	EndGlobalSection
EndGlobal
